
Microsoft Visual Studio Solution File, Format Version 12.00
# Visual Studio Version 17
VisualStudioVersion = 17.13.35931.197
MinimumVisualStudioVersion = 10.0.40219.1
Project("{FAE04EC0-301F-11D3-BF4B-00C04F79EFBC}") = "BrightnessHotKeys", "BrightnessHotKeys\BrightnessHotKeys.csproj", "{C6D22090-73DA-4C78-A750-4E51FC0046F6}"
EndProject
Project("{FAE04EC0-301F-11D3-BF4B-00C04F79EFBC}") = "BrightnessHotKeys.Tests", "BrightnessHotKeys.Tests\BrightnessHotKeys.Tests.csproj", "{AEF3C92B-860B-4D9E-AB2A-23957761A79B}"
EndProject
Global
	GlobalSection(SolutionConfigurationPlatforms) = preSolution
		Debug|Any CPU = Debug|Any CPU
		Debug|x64 = Debug|x64
		Release|Any CPU = Release|Any CPU
		Release|x64 = Release|x64
	EndGlobalSection
	GlobalSection(ProjectConfigurationPlatforms) = postSolution
		{C6D22090-73DA-4C78-A750-4E51FC0046F6}.Debug|Any CPU.ActiveCfg = Debug|Any CPU
		{C6D22090-73DA-4C78-A750-4E51FC0046F6}.Debug|Any CPU.Build.0 = Debug|Any CPU
		{C6D22090-73DA-4C78-A750-4E51FC0046F6}.Debug|x64.ActiveCfg = Debug|x64
		{C6D22090-73DA-4C78-A750-4E51FC0046F6}.Debug|x64.Build.0 = Debug|x64
		{C6D22090-73DA-4C78-A750-4E51FC0046F6}.Release|Any CPU.ActiveCfg = Release|Any CPU
		{C6D22090-73DA-4C78-A750-4E51FC0046F6}.Release|Any CPU.Build.0 = Release|Any CPU
		{C6D22090-73DA-4C78-A750-4E51FC0046F6}.Release|x64.ActiveCfg = Release|x64
		{C6D22090-73DA-4C78-A750-4E51FC0046F6}.Release|x64.Build.0 = Release|x64
		{AEF3C92B-860B-4D9E-AB2A-23957761A79B}.Debug|Any CPU.ActiveCfg = Debug|Any CPU
		{AEF3C92B-860B-4D9E-AB2A-23957761A79B}.Debug|Any CPU.Build.0 = Debug|Any CPU
		{AEF3C92B-860B-4D9E-AB2A-23957761A79B}.Debug|x64.ActiveCfg = Debug|Any CPU
		{AEF3C92B-860B-4D9E-AB2A-23957761A79B}.Debug|x64.Build.0 = Debug|Any CPU
		{AEF3C92B-860B-4D9E-AB2A-23957761A79B}.Release|Any CPU.ActiveCfg = Release|Any CPU
		{AEF3C92B-860B-4D9E-AB2A-23957761A79B}.Release|Any CPU.Build.0 = Release|Any CPU
		{AEF3C92B-860B-4D9E-AB2A-23957761A79B}.Release|x64.ActiveCfg = Release|Any CPU
		{AEF3C92B-860B-4D9E-AB2A-23957761A79B}.Release|x64.Build.0 = Release|Any CPU
	EndGlobalSection
	GlobalSection(SolutionProperties) = preSolution
		HideSolutionNode = FALSE
	EndGlobalSection
	GlobalSection(ExtensibilityGlobals) = postSolution
		SolutionGuid = {2EFB0DDB-D5C8-498C-975C-AF877C43541D}
	EndGlobalSection
EndGlobal
